
Microsoft Visual Studio Solution File, Format Version 12.00
# Visual Studio Version 17
VisualStudioVersion = 17.3.32825.248
MinimumVisualStudioVersion = 10.0.40219.1
Project("{FAE04EC0-301F-11D3-BF4B-00C04F79EFBC}") = "RVP_Lab1_Yurl", "RVP_Lab1_Yurl\RVP_Lab1_Yurl.csproj", "{5E14472E-49B6-41D2-BA1D-5328D50D8560}"
EndProject
Global
	GlobalSection(SolutionConfigurationPlatforms) = preSolution
		Debug|Any CPU = Debug|Any CPU
		Release|Any CPU = Release|Any CPU
	EndGlobalSection
	GlobalSection(ProjectConfigurationPlatforms) = postSolution
		{5E14472E-49B6-41D2-BA1D-5328D50D8560}.Debug|Any CPU.ActiveCfg = Debug|Any CPU
		{5E14472E-49B6-41D2-BA1D-5328D50D8560}.Debug|Any CPU.Build.0 = Debug|Any CPU
		{5E14472E-49B6-41D2-BA1D-5328D50D8560}.Release|Any CPU.ActiveCfg = Release|Any CPU
		{5E14472E-49B6-41D2-BA1D-5328D50D8560}.Release|Any CPU.Build.0 = Release|Any CPU
	EndGlobalSection
	GlobalSection(SolutionProperties) = preSolution
		HideSolutionNode = FALSE
	EndGlobalSection
	GlobalSection(ExtensibilityGlobals) = postSolution
		SolutionGuid = {5E700D56-3DAC-4D68-9099-B61C2524C1A3}
	EndGlobalSection
EndGlobal
